
Microsoft Visual Studio Solution File, Format Version 12.00
# Visual Studio 15
VisualStudioVersion = 15.0.27703.2042
MinimumVisualStudioVersion = 10.0.40219.1
Project("{FAE04EC0-301F-11D3-BF4B-00C04F79EFBC}") = "TupleSplatter", "TupleSplatter\TupleSplatter.csproj", "{C2B5BA45-0F7C-4955-B791-EBD170BCECB7}"
EndProject
Project("{FAE04EC0-301F-11D3-BF4B-00C04F79EFBC}") = "TupleSplatter.Generator", "TupleSplatter.Generator\TupleSplatter.Generator.csproj", "{40787F3F-119C-46C1-9719-45C5BF137F5D}"
EndProject
Global
	GlobalSection(SolutionConfigurationPlatforms) = preSolution
		Debug|Any CPU = Debug|Any CPU
		Release|Any CPU = Release|Any CPU
	EndGlobalSection
	GlobalSection(ProjectConfigurationPlatforms) = postSolution
		{C2B5BA45-0F7C-4955-B791-EBD170BCECB7}.Debug|Any CPU.ActiveCfg = Debug|Any CPU
		{C2B5BA45-0F7C-4955-B791-EBD170BCECB7}.Debug|Any CPU.Build.0 = Debug|Any CPU
		{C2B5BA45-0F7C-4955-B791-EBD170BCECB7}.Release|Any CPU.ActiveCfg = Release|Any CPU
		{C2B5BA45-0F7C-4955-B791-EBD170BCECB7}.Release|Any CPU.Build.0 = Release|Any CPU
		{40787F3F-119C-46C1-9719-45C5BF137F5D}.Debug|Any CPU.ActiveCfg = Debug|Any CPU
		{40787F3F-119C-46C1-9719-45C5BF137F5D}.Debug|Any CPU.Build.0 = Debug|Any CPU
		{40787F3F-119C-46C1-9719-45C5BF137F5D}.Release|Any CPU.ActiveCfg = Release|Any CPU
		{40787F3F-119C-46C1-9719-45C5BF137F5D}.Release|Any CPU.Build.0 = Release|Any CPU
	EndGlobalSection
	GlobalSection(SolutionProperties) = preSolution
		HideSolutionNode = FALSE
	EndGlobalSection
	GlobalSection(ExtensibilityGlobals) = postSolution
		SolutionGuid = {523319EE-628B-4642-AC11-5C2B748B7F56}
	EndGlobalSection
EndGlobal
